// !$*UTF8*$!
{
	archiveVersion = 1;
	classes = {
	};
	objectVersion = 45;
	objects = {

/* Begin PBXBuildFile section */
		3D05EECE14803A2800782B4D /* Lorem1.txt in Resources */ = {isa = PBXBuildFile; fileRef = 3D05EECC14803A2800782B4D /* Lorem1.txt */; };
		3D05EECF14803A2800782B4D /* Lorem2.txt in Resources */ = {isa = PBXBuildFile; fileRef = 3D05EECD14803A2800782B4D /* Lorem2.txt */; };
		3D3E62AC12D0B8C700B94EC9 /* NSString+DamerauLevenshtein.m in Sources */ = {isa = PBXBuildFile; fileRef = 3D3E62AB12D0B8C700B94EC9 /* NSString+DamerauLevenshtein.m */; };
		3D3E639F12D101B700B94EC9 /* DamerauLevenshteinTests.m in Sources */ = {isa = PBXBuildFile; fileRef = 3D3E639E12D101B700B94EC9 /* DamerauLevenshteinTests.m */; };
		3D3E63AE12D1036E00B94EC9 /* NSString+DamerauLevenshtein.m in Sources */ = {isa = PBXBuildFile; fileRef = 3D3E62AB12D0B8C700B94EC9 /* NSString+DamerauLevenshtein.m */; };
		3D6A188912E22FF1009E3F9B /* JXTrie.m in Sources */ = {isa = PBXBuildFile; fileRef = 3D6A188612E22FF1009E3F9B /* JXTrie.m */; };
		3D6A188A12E22FF1009E3F9B /* JXTrieNode.m in Sources */ = {isa = PBXBuildFile; fileRef = 3D6A188812E22FF1009E3F9B /* JXTrieNode.m */; };
		3D6A18FC12E25B8D009E3F9B /* JXTrieResult.m in Sources */ = {isa = PBXBuildFile; fileRef = 3D6A18FB12E25B8D009E3F9B /* JXTrieResult.m */; };
		3D6A1A1F12E282FB009E3F9B /* JXTrie.m in Sources */ = {isa = PBXBuildFile; fileRef = 3D6A188612E22FF1009E3F9B /* JXTrie.m */; };
		3D6A1A2012E282FB009E3F9B /* JXTrieNode.m in Sources */ = {isa = PBXBuildFile; fileRef = 3D6A188812E22FF1009E3F9B /* JXTrieNode.m */; };
		3D6A1A2112E282FB009E3F9B /* JXTrieResult.m in Sources */ = {isa = PBXBuildFile; fileRef = 3D6A18FB12E25B8D009E3F9B /* JXTrieResult.m */; };
		3D6A1A2412E28324009E3F9B /* LevenshteinDistanceSearch.m in Sources */ = {isa = PBXBuildFile; fileRef = 3D6A1A2312E28324009E3F9B /* LevenshteinDistanceSearch.m */; };
		3D7C736512E55502002D2014 /* JXLDStringDistanceUtilities.m in Sources */ = {isa = PBXBuildFile; fileRef = 3D7C736412E55501002D2014 /* JXLDStringDistanceUtilities.m */; };
		3D7C736612E55502002D2014 /* JXLDStringDistanceUtilities.m in Sources */ = {isa = PBXBuildFile; fileRef = 3D7C736412E55501002D2014 /* JXLDStringDistanceUtilities.m */; };
		3D7C736712E55502002D2014 /* JXLDStringDistanceUtilities.m in Sources */ = {isa = PBXBuildFile; fileRef = 3D7C736412E55501002D2014 /* JXLDStringDistanceUtilities.m */; };
		8DD76F9A0486AA7600D96B5E /* Damerau-Levenshtein.m in Sources */ = {isa = PBXBuildFile; fileRef = 08FB7796FE84155DC02AAC07 /* Damerau-Levenshtein.m */; settings = {ATTRIBUTES = (); }; };
		8DD76F9C0486AA7600D96B5E /* Foundation.framework in Frameworks */ = {isa = PBXBuildFile; fileRef = 08FB779EFE84155DC02AAC07 /* Foundation.framework */; };
		8DD76F9F0486AA7600D96B5E /* Damerau-Levenshtein.1 in CopyFiles */ = {isa = PBXBuildFile; fileRef = C6859EA3029092ED04C91782 /* Damerau-Levenshtein.1 */; };
/* End PBXBuildFile section */

/* Begin PBXCopyFilesBuildPhase section */
		8DD76F9E0486AA7600D96B5E /* CopyFiles */ = {
			isa = PBXCopyFilesBuildPhase;
			buildActionMask = 8;
			dstPath = /usr/share/man/man1/;
			dstSubfolderSpec = 0;
			files = (
				8DD76F9F0486AA7600D96B5E /* Damerau-Levenshtein.1 in CopyFiles */,
			);
			runOnlyForDeploymentPostprocessing = 1;
		};
/* End PBXCopyFilesBuildPhase section */

/* Begin PBXFileReference section */
		08FB7796FE84155DC02AAC07 /* Damerau-Levenshtein.m */ = {isa = PBXFileReference; fileEncoding = 4; lastKnownFileType = sourcecode.c.objc; lineEnding = 0; path = "Damerau-Levenshtein.m"; sourceTree = "<group>"; xcLanguageSpecificationIdentifier = xcode.lang.objc; };
		08FB779EFE84155DC02AAC07 /* Foundation.framework */ = {isa = PBXFileReference; lastKnownFileType = wrapper.framework; name = Foundation.framework; path = /System/Library/Frameworks/Foundation.framework; sourceTree = "<absolute>"; };
		32A70AAB03705E1F00C91783 /* Damerau-Levenshtein_Prefix.pch */ = {isa = PBXFileReference; fileEncoding = 4; lastKnownFileType = sourcecode.c.h; path = "Damerau-Levenshtein_Prefix.pch"; sourceTree = "<group>"; };
		3D05EECC14803A2800782B4D /* Lorem1.txt */ = {isa = PBXFileReference; fileEncoding = 4; lastKnownFileType = text; path = Lorem1.txt; sourceTree = "<group>"; };
		3D05EECD14803A2800782B4D /* Lorem2.txt */ = {isa = PBXFileReference; fileEncoding = 4; lastKnownFileType = text; path = Lorem2.txt; sourceTree = "<group>"; };
		3D0A5C2B147FA27B00AD637E /* Base.xcconfig */ = {isa = PBXFileReference; fileEncoding = 4; lastKnownFileType = text.xcconfig; path = Base.xcconfig; sourceTree = "<group>"; };
		3D3E62AA12D0B8C700B94EC9 /* NSString+DamerauLevenshtein.h */ = {isa = PBXFileReference; fileEncoding = 4; lastKnownFileType = sourcecode.c.h; lineEnding = 0; path = "NSString+DamerauLevenshtein.h"; sourceTree = "<group>"; xcLanguageSpecificationIdentifier = xcode.lang.objcpp; };
		3D3E62AB12D0B8C700B94EC9 /* NSString+DamerauLevenshtein.m */ = {isa = PBXFileReference; fileEncoding = 4; lastKnownFileType = sourcecode.c.objc; lineEnding = 0; path = "NSString+DamerauLevenshtein.m"; sourceTree = "<group>"; xcLanguageSpecificationIdentifier = xcode.lang.objc; };
		3D3E639612D1011700B94EC9 /* DamerauLevenshteinTest.octest */ = {isa = PBXFileReference; explicitFileType = wrapper.cfbundle; includeInIndex = 0; path = DamerauLevenshteinTest.octest; sourceTree = BUILT_PRODUCTS_DIR; };
		3D3E639712D1011700B94EC9 /* DamerauLevenshteinTest-Info.plist */ = {isa = PBXFileReference; lastKnownFileType = text.plist.xml; path = "DamerauLevenshteinTest-Info.plist"; sourceTree = "<group>"; };
		3D3E639D12D101B700B94EC9 /* DamerauLevenshteinTests.h */ = {isa = PBXFileReference; fileEncoding = 4; lastKnownFileType = sourcecode.c.h; path = DamerauLevenshteinTests.h; sourceTree = "<group>"; };
		3D3E639E12D101B700B94EC9 /* DamerauLevenshteinTests.m */ = {isa = PBXFileReference; fileEncoding = 4; lastKnownFileType = sourcecode.c.objc; lineEnding = 0; path = DamerauLevenshteinTests.m; sourceTree = "<group>"; xcLanguageSpecificationIdentifier = xcode.lang.objc; };
		3D6A188512E22FF1009E3F9B /* JXTrie.h */ = {isa = PBXFileReference; fileEncoding = 4; lastKnownFileType = sourcecode.c.h; lineEnding = 0; path = JXTrie.h; sourceTree = "<group>"; xcLanguageSpecificationIdentifier = xcode.lang.objcpp; };
		3D6A188612E22FF1009E3F9B /* JXTrie.m */ = {isa = PBXFileReference; fileEncoding = 4; lastKnownFileType = sourcecode.c.objc; lineEnding = 0; path = JXTrie.m; sourceTree = "<group>"; xcLanguageSpecificationIdentifier = xcode.lang.objc; };
		3D6A188712E22FF1009E3F9B /* JXTrieNode.h */ = {isa = PBXFileReference; fileEncoding = 4; lastKnownFileType = sourcecode.c.h; lineEnding = 0; path = JXTrieNode.h; sourceTree = "<group>"; xcLanguageSpecificationIdentifier = xcode.lang.objcpp; };
		3D6A188812E22FF1009E3F9B /* JXTrieNode.m */ = {isa = PBXFileReference; fileEncoding = 4; lastKnownFileType = sourcecode.c.objc; lineEnding = 0; path = JXTrieNode.m; sourceTree = "<group>"; xcLanguageSpecificationIdentifier = xcode.lang.objc; };
		3D6A18FA12E25B8D009E3F9B /* JXTrieResult.h */ = {isa = PBXFileReference; fileEncoding = 4; lastKnownFileType = sourcecode.c.h; lineEnding = 0; path = JXTrieResult.h; sourceTree = "<group>"; xcLanguageSpecificationIdentifier = xcode.lang.objcpp; };
		3D6A18FB12E25B8D009E3F9B /* JXTrieResult.m */ = {isa = PBXFileReference; fileEncoding = 4; lastKnownFileType = sourcecode.c.objc; lineEnding = 0; path = JXTrieResult.m; sourceTree = "<group>"; xcLanguageSpecificationIdentifier = xcode.lang.objc; };
		3D6A1A1B12E282DE009E3F9B /* LevenshteinDistanceSearch */ = {isa = PBXFileReference; explicitFileType = "compiled.mach-o.executable"; includeInIndex = 0; path = LevenshteinDistanceSearch; sourceTree = BUILT_PRODUCTS_DIR; };
		3D6A1A2312E28324009E3F9B /* LevenshteinDistanceSearch.m */ = {isa = PBXFileReference; fileEncoding = 4; lastKnownFileType = sourcecode.c.objc; lineEnding = 0; path = LevenshteinDistanceSearch.m; sourceTree = "<group>"; xcLanguageSpecificationIdentifier = xcode.lang.objc; };
		3D7C734612E549D2002D2014 /* JXLDStringDistance.h */ = {isa = PBXFileReference; fileEncoding = 4; lastKnownFileType = sourcecode.c.h; lineEnding = 0; path = JXLDStringDistance.h; sourceTree = "<group>"; xcLanguageSpecificationIdentifier = xcode.lang.objcpp; };
		3D7C736312E55501002D2014 /* JXLDStringDistanceUtilities.h */ = {isa = PBXFileReference; fileEncoding = 4; lastKnownFileType = sourcecode.c.h; lineEnding = 0; path = JXLDStringDistanceUtilities.h; sourceTree = "<group>"; xcLanguageSpecificationIdentifier = xcode.lang.objcpp; };
		3D7C736412E55501002D2014 /* JXLDStringDistanceUtilities.m */ = {isa = PBXFileReference; fileEncoding = 4; lastKnownFileType = sourcecode.c.objc; lineEnding = 0; path = JXLDStringDistanceUtilities.m; sourceTree = "<group>"; xcLanguageSpecificationIdentifier = xcode.lang.objc; };
		8DD76FA10486AA7600D96B5E /* Damerau-Levenshtein */ = {isa = PBXFileReference; explicitFileType = "compiled.mach-o.executable"; includeInIndex = 0; path = "Damerau-Levenshtein"; sourceTree = BUILT_PRODUCTS_DIR; };
		C6859EA3029092ED04C91782 /* Damerau-Levenshtein.1 */ = {isa = PBXFileReference; lastKnownFileType = text.man; lineEnding = 0; path = "Damerau-Levenshtein.1"; sourceTree = "<group>"; };
/* End PBXFileReference section */

/* Begin PBXFrameworksBuildPhase section */
		3D3E639312D1011700B94EC9 /* Frameworks */ = {
			isa = PBXFrameworksBuildPhase;
			buildActionMask = 2147483647;
			files = (
			);
			runOnlyForDeploymentPostprocessing = 0;
		};
		3D6A1A1912E282DE009E3F9B /* Frameworks */ = {
			isa = PBXFrameworksBuildPhase;
			buildActionMask = 2147483647;
			files = (
			);
			runOnlyForDeploymentPostprocessing = 0;
		};
		8DD76F9B0486AA7600D96B5E /* Frameworks */ = {
			isa = PBXFrameworksBuildPhase;
			buildActionMask = 2147483647;
			files = (
				8DD76F9C0486AA7600D96B5E /* Foundation.framework in Frameworks */,
			);
			runOnlyForDeploymentPostprocessing = 0;
		};
/* End PBXFrameworksBuildPhase section */

/* Begin PBXGroup section */
		08FB7794FE84155DC02AAC07 /* Damerau-Levenshtein */ = {
			isa = PBXGroup;
			children = (
				08FB7795FE84155DC02AAC07 /* Source */,
				3D7C734D12E54A8F002D2014 /* Shared */,
				3D3E62A312D0B86500B94EC9 /* Classes */,
				3D6A188412E22FF1009E3F9B /* JXTrie */,
				3D3E639C12D1016700B94EC9 /* Tests */,
				3D05EECB14803A2800782B4D /* Test Data */,
				C6859EA2029092E104C91782 /* Documentation */,
				08FB779DFE84155DC02AAC07 /* External Frameworks and Libraries */,
				3D0A5C2A147FA27B00AD637E /* Configs */,
				1AB674ADFE9D54B511CA2CBB /* Products */,
				3D3E639712D1011700B94EC9 /* DamerauLevenshteinTest-Info.plist */,
			);
			name = "Damerau-Levenshtein";
			sourceTree = "<group>";
		};
		08FB7795FE84155DC02AAC07 /* Source */ = {
			isa = PBXGroup;
			children = (
				32A70AAB03705E1F00C91783 /* Damerau-Levenshtein_Prefix.pch */,
				08FB7796FE84155DC02AAC07 /* Damerau-Levenshtein.m */,
				3D6A1A2312E28324009E3F9B /* LevenshteinDistanceSearch.m */,
			);
			name = Source;
			sourceTree = "<group>";
		};
		08FB779DFE84155DC02AAC07 /* External Frameworks and Libraries */ = {
			isa = PBXGroup;
			children = (
				08FB779EFE84155DC02AAC07 /* Foundation.framework */,
			);
			name = "External Frameworks and Libraries";
			sourceTree = "<group>";
		};
		1AB674ADFE9D54B511CA2CBB /* Products */ = {
			isa = PBXGroup;
			children = (
				8DD76FA10486AA7600D96B5E /* Damerau-Levenshtein */,
				3D3E639612D1011700B94EC9 /* DamerauLevenshteinTest.octest */,
				3D6A1A1B12E282DE009E3F9B /* LevenshteinDistanceSearch */,
			);
			name = Products;
			sourceTree = "<group>";
		};
		3D05EECB14803A2800782B4D /* Test Data */ = {
			isa = PBXGroup;
			children = (
				3D05EECC14803A2800782B4D /* Lorem1.txt */,
				3D05EECD14803A2800782B4D /* Lorem2.txt */,
			);
			path = "Test Data";
			sourceTree = "<group>";
		};
		3D0A5C2A147FA27B00AD637E /* Configs */ = {
			isa = PBXGroup;
			children = (
				3D0A5C2B147FA27B00AD637E /* Base.xcconfig */,
			);
			path = Configs;
			sourceTree = "<group>";
		};
		3D3E62A312D0B86500B94EC9 /* Classes */ = {
			isa = PBXGroup;
			children = (
				3D3E62AA12D0B8C700B94EC9 /* NSString+DamerauLevenshtein.h */,
				3D3E62AB12D0B8C700B94EC9 /* NSString+DamerauLevenshtein.m */,
			);
			name = Classes;
			sourceTree = "<group>";
		};
		3D3E639C12D1016700B94EC9 /* Tests */ = {
			isa = PBXGroup;
			children = (
				3D3E639D12D101B700B94EC9 /* DamerauLevenshteinTests.h */,
				3D3E639E12D101B700B94EC9 /* DamerauLevenshteinTests.m */,
			);
			name = Tests;
			sourceTree = "<group>";
		};
		3D6A188412E22FF1009E3F9B /* JXTrie */ = {
			isa = PBXGroup;
			children = (
				3D6A188512E22FF1009E3F9B /* JXTrie.h */,
				3D6A188612E22FF1009E3F9B /* JXTrie.m */,
				3D6A188712E22FF1009E3F9B /* JXTrieNode.h */,
				3D6A188812E22FF1009E3F9B /* JXTrieNode.m */,
				3D6A18FA12E25B8D009E3F9B /* JXTrieResult.h */,
				3D6A18FB12E25B8D009E3F9B /* JXTrieResult.m */,
			);
			path = JXTrie;
			sourceTree = "<group>";
		};
		3D7C734D12E54A8F002D2014 /* Shared */ = {
			isa = PBXGroup;
			children = (
				3D7C734612E549D2002D2014 /* JXLDStringDistance.h */,
				3D7C736312E55501002D2014 /* JXLDStringDistanceUtilities.h */,
				3D7C736412E55501002D2014 /* JXLDStringDistanceUtilities.m */,
			);
			name = Shared;
			sourceTree = "<group>";
		};
		C6859EA2029092E104C91782 /* Documentation */ = {
			isa = PBXGroup;
			children = (
				C6859EA3029092ED04C91782 /* Damerau-Levenshtein.1 */,
			);
			name = Documentation;
			sourceTree = "<group>";
		};
/* End PBXGroup section */

/* Begin PBXNativeTarget section */
		3D3E639512D1011700B94EC9 /* DamerauLevenshteinTest */ = {
			isa = PBXNativeTarget;
			buildConfigurationList = 3D3E639A12D1011A00B94EC9 /* Build configuration list for PBXNativeTarget "DamerauLevenshteinTest" */;
			buildPhases = (
				3D3E639112D1011700B94EC9 /* Resources */,
				3D3E639212D1011700B94EC9 /* Sources */,
				3D3E639312D1011700B94EC9 /* Frameworks */,
				3D3E639412D1011700B94EC9 /* ShellScript */,
			);
			buildRules = (
			);
			dependencies = (
			);
			name = DamerauLevenshteinTest;
			productName = DamerauLevenshteinTest;
			productReference = 3D3E639612D1011700B94EC9 /* DamerauLevenshteinTest.octest */;
			productType = "com.apple.product-type.bundle";
		};
		3D6A1A1A12E282DE009E3F9B /* LevenshteinDistanceSearch */ = {
			isa = PBXNativeTarget;
			buildConfigurationList = 3D6A1A2212E28321009E3F9B /* Build configuration list for PBXNativeTarget "LevenshteinDistanceSearch" */;
			buildPhases = (
				3D6A1A1812E282DE009E3F9B /* Sources */,
				3D6A1A1912E282DE009E3F9B /* Frameworks */,
			);
			buildRules = (
			);
			dependencies = (
			);
			name = LevenshteinDistanceSearch;
			productName = LevenshteinDistanceSearch;
			productReference = 3D6A1A1B12E282DE009E3F9B /* LevenshteinDistanceSearch */;
			productType = "com.apple.product-type.tool";
		};
		8DD76F960486AA7600D96B5E /* Damerau-Levenshtein */ = {
			isa = PBXNativeTarget;
			buildConfigurationList = 1DEB927408733DD40010E9CD /* Build configuration list for PBXNativeTarget "Damerau-Levenshtein" */;
			buildPhases = (
				8DD76F990486AA7600D96B5E /* Sources */,
				8DD76F9B0486AA7600D96B5E /* Frameworks */,
				8DD76F9E0486AA7600D96B5E /* CopyFiles */,
			);
			buildRules = (
			);
			dependencies = (
			);
			name = "Damerau-Levenshtein";
			productInstallPath = "$(HOME)/bin";
			productName = "Damerau-Levenshtein";
			productReference = 8DD76FA10486AA7600D96B5E /* Damerau-Levenshtein */;
			productType = "com.apple.product-type.tool";
		};
/* End PBXNativeTarget section */

/* Begin PBXProject section */
		08FB7793FE84155DC02AAC07 /* Project object */ = {
			isa = PBXProject;
			buildConfigurationList = 1DEB927808733DD40010E9CD /* Build configuration list for PBXProject "Damerau-Levenshtein" */;
			compatibilityVersion = "Xcode 3.1";
			developmentRegion = English;
			hasScannedForEncodings = 1;
			knownRegions = (
				English,
				Japanese,
				French,
				German,
			);
			mainGroup = 08FB7794FE84155DC02AAC07 /* Damerau-Levenshtein */;
			projectDirPath = "";
			projectRoot = "";
			targets = (
				8DD76F960486AA7600D96B5E /* Damerau-Levenshtein */,
				3D3E639512D1011700B94EC9 /* DamerauLevenshteinTest */,
				3D6A1A1A12E282DE009E3F9B /* LevenshteinDistanceSearch */,
			);
		};
/* End PBXProject section */

/* Begin PBXResourcesBuildPhase section */
		3D3E639112D1011700B94EC9 /* Resources */ = {
			isa = PBXResourcesBuildPhase;
			buildActionMask = 2147483647;
			files = (
				3D05EECE14803A2800782B4D /* Lorem1.txt in Resources */,
				3D05EECF14803A2800782B4D /* Lorem2.txt in Resources */,
			);
			runOnlyForDeploymentPostprocessing = 0;
		};
/* End PBXResourcesBuildPhase section */

/* Begin PBXShellScriptBuildPhase section */
		3D3E639412D1011700B94EC9 /* ShellScript */ = {
			isa = PBXShellScriptBuildPhase;
			buildActionMask = 2147483647;
			files = (
			);
			inputPaths = (
			);
			outputPaths = (
			);
			runOnlyForDeploymentPostprocessing = 0;
			shellPath = /bin/sh;
			shellScript = "# Run the unit tests in this test bundle.\n\"${SYSTEM_DEVELOPER_DIR}/Tools/RunUnitTests\"\n";
		};
/* End PBXShellScriptBuildPhase section */

/* Begin PBXSourcesBuildPhase section */
		3D3E639212D1011700B94EC9 /* Sources */ = {
			isa = PBXSourcesBuildPhase;
			buildActionMask = 2147483647;
			files = (
				3D3E63AE12D1036E00B94EC9 /* NSString+DamerauLevenshtein.m in Sources */,
				3D3E639F12D101B700B94EC9 /* DamerauLevenshteinTests.m in Sources */,
				3D6A188912E22FF1009E3F9B /* JXTrie.m in Sources */,
				3D6A188A12E22FF1009E3F9B /* JXTrieNode.m in Sources */,
				3D6A18FC12E25B8D009E3F9B /* JXTrieResult.m in Sources */,
				3D7C736512E55502002D2014 /* JXLDStringDistanceUtilities.m in Sources */,
			);
			runOnlyForDeploymentPostprocessing = 0;
		};
		3D6A1A1812E282DE009E3F9B /* Sources */ = {
			isa = PBXSourcesBuildPhase;
			buildActionMask = 2147483647;
			files = (
				3D6A1A2412E28324009E3F9B /* LevenshteinDistanceSearch.m in Sources */,
				3D6A1A1F12E282FB009E3F9B /* JXTrie.m in Sources */,
				3D6A1A2012E282FB009E3F9B /* JXTrieNode.m in Sources */,
				3D6A1A2112E282FB009E3F9B /* JXTrieResult.m in Sources */,
				3D7C736712E55502002D2014 /* JXLDStringDistanceUtilities.m in Sources */,
			);
			runOnlyForDeploymentPostprocessing = 0;
		};
		8DD76F990486AA7600D96B5E /* Sources */ = {
			isa = PBXSourcesBuildPhase;
			buildActionMask = 2147483647;
			files = (
				8DD76F9A0486AA7600D96B5E /* Damerau-Levenshtein.m in Sources */,
				3D3E62AC12D0B8C700B94EC9 /* NSString+DamerauLevenshtein.m in Sources */,
				3D7C736612E55502002D2014 /* JXLDStringDistanceUtilities.m in Sources */,
			);
			runOnlyForDeploymentPostprocessing = 0;
		};
/* End PBXSourcesBuildPhase section */

/* Begin XCBuildConfiguration section */
		1DEB927508733DD40010E9CD /* Debug */ = {
			isa = XCBuildConfiguration;
			buildSettings = {
				ALWAYS_SEARCH_USER_PATHS = NO;
				COPY_PHASE_STRIP = NO;
				GCC_DYNAMIC_NO_PIC = NO;
				GCC_ENABLE_FIX_AND_CONTINUE = YES;
				GCC_MODEL_TUNING = G5;
				GCC_OPTIMIZATION_LEVEL = 0;
				GCC_PRECOMPILE_PREFIX_HEADER = YES;
				GCC_PREFIX_HEADER = "Damerau-Levenshtein_Prefix.pch";
				INSTALL_PATH = /usr/local/bin;
				PRODUCT_NAME = "Damerau-Levenshtein";
			};
			name = Debug;
		};
		1DEB927608733DD40010E9CD /* Release */ = {
			isa = XCBuildConfiguration;
			buildSettings = {
				ALWAYS_SEARCH_USER_PATHS = NO;
				DEBUG_INFORMATION_FORMAT = "dwarf-with-dsym";
				GCC_MODEL_TUNING = G5;
				GCC_PRECOMPILE_PREFIX_HEADER = YES;
				GCC_PREFIX_HEADER = "Damerau-Levenshtein_Prefix.pch";
				INSTALL_PATH = /usr/local/bin;
				PRODUCT_NAME = "Damerau-Levenshtein";
			};
			name = Release;
		};
		1DEB927908733DD40010E9CD /* Debug */ = {
			isa = XCBuildConfiguration;
			baseConfigurationReference = 3D0A5C2B147FA27B00AD637E /* Base.xcconfig */;
			buildSettings = {
				GCC_OPTIMIZATION_LEVEL = 0;
				ONLY_ACTIVE_ARCH = YES;
			};
			name = Debug;
		};
		1DEB927A08733DD40010E9CD /* Release */ = {
			isa = XCBuildConfiguration;
			baseConfigurationReference = 3D0A5C2B147FA27B00AD637E /* Base.xcconfig */;
			buildSettings = {
			};
			name = Release;
		};
		3D3E639812D1011A00B94EC9 /* Debug */ = {
			isa = XCBuildConfiguration;
			buildSettings = {
				ALWAYS_SEARCH_USER_PATHS = NO;
				COPY_PHASE_STRIP = NO;
				FRAMEWORK_SEARCH_PATHS = "$(DEVELOPER_LIBRARY_DIR)/Frameworks";
				GCC_DYNAMIC_NO_PIC = NO;
				GCC_ENABLE_FIX_AND_CONTINUE = NO;
				GCC_ENABLE_OBJC_EXCEPTIONS = YES;
				GCC_MODEL_TUNING = G5;
				GCC_OPTIMIZATION_LEVEL = 0;
				GCC_PRECOMPILE_PREFIX_HEADER = YES;
				GCC_PREFIX_HEADER = "$(SYSTEM_LIBRARY_DIR)/Frameworks/Cocoa.framework/Headers/Cocoa.h";
				INFOPLIST_FILE = "DamerauLevenshteinTest-Info.plist";
				INSTALL_PATH = "$(USER_LIBRARY_DIR)/Bundles";
				OTHER_LDFLAGS = (
					"-framework",
					Cocoa,
					"-framework",
					SenTestingKit,
				);
				PREBINDING = NO;
				PRODUCT_NAME = DamerauLevenshteinTest;
				WRAPPER_EXTENSION = octest;
			};
			name = Debug;
		};
		3D3E639912D1011A00B94EC9 /* Release */ = {
			isa = XCBuildConfiguration;
			buildSettings = {
				ALWAYS_SEARCH_USER_PATHS = NO;
				COPY_PHASE_STRIP = YES;
				DEBUG_INFORMATION_FORMAT = "dwarf-with-dsym";
				FRAMEWORK_SEARCH_PATHS = "$(DEVELOPER_LIBRARY_DIR)/Frameworks";
				GCC_ENABLE_FIX_AND_CONTINUE = NO;
				GCC_ENABLE_OBJC_EXCEPTIONS = YES;
				GCC_MODEL_TUNING = G5;
				GCC_PRECOMPILE_PREFIX_HEADER = YES;
				GCC_PREFIX_HEADER = "$(SYSTEM_LIBRARY_DIR)/Frameworks/Cocoa.framework/Headers/Cocoa.h";
				INFOPLIST_FILE = "DamerauLevenshteinTest-Info.plist";
				INSTALL_PATH = "$(USER_LIBRARY_DIR)/Bundles";
				OTHER_LDFLAGS = (
					"-framework",
					Cocoa,
					"-framework",
					SenTestingKit,
				);
				PREBINDING = NO;
				PRODUCT_NAME = DamerauLevenshteinTest;
				WRAPPER_EXTENSION = octest;
				ZERO_LINK = NO;
			};
			name = Release;
		};
		3D6A1A1D12E282E1009E3F9B /* Debug */ = {
			isa = XCBuildConfiguration;
			buildSettings = {
				ALWAYS_SEARCH_USER_PATHS = NO;
				COPY_PHASE_STRIP = NO;
				GCC_DYNAMIC_NO_PIC = NO;
				GCC_ENABLE_FIX_AND_CONTINUE = YES;
				GCC_MODEL_TUNING = G5;
				GCC_OPTIMIZATION_LEVEL = 0;
				GCC_PRECOMPILE_PREFIX_HEADER = YES;
				GCC_PREFIX_HEADER = "Damerau-Levenshtein_Prefix.pch";
				GCC_VERSION = com.apple.compilers.llvm.clang.1_0;
				INSTALL_PATH = /usr/local/bin;
				OTHER_LDFLAGS = (
					"-framework",
					Foundation,
					"-framework",
					AppKit,
				);
				PREBINDING = NO;
				PRODUCT_NAME = LevenshteinDistanceSearch;
			};
			name = Debug;
		};
		3D6A1A1E12E282E1009E3F9B /* Release */ = {
			isa = XCBuildConfiguration;
			buildSettings = {
				ALWAYS_SEARCH_USER_PATHS = NO;
				COPY_PHASE_STRIP = YES;
				DEBUG_INFORMATION_FORMAT = "dwarf-with-dsym";
				GCC_ENABLE_FIX_AND_CONTINUE = NO;
				GCC_MODEL_TUNING = G5;
				GCC_PRECOMPILE_PREFIX_HEADER = YES;
				GCC_PREFIX_HEADER = "Damerau-Levenshtein_Prefix.pch";
				GCC_VERSION = com.apple.compilers.llvm.clang.1_0;
				INSTALL_PATH = /usr/local/bin;
				OTHER_LDFLAGS = (
					"-framework",
					Foundation,
					"-framework",
					AppKit,
				);
				PREBINDING = NO;
				PRODUCT_NAME = LevenshteinDistanceSearch;
				ZERO_LINK = NO;
			};
			name = Release;
		};
/* End XCBuildConfiguration section */

/* Begin XCConfigurationList section */
		1DEB927408733DD40010E9CD /* Build configuration list for PBXNativeTarget "Damerau-Levenshtein" */ = {
			isa = XCConfigurationList;
			buildConfigurations = (
				1DEB927508733DD40010E9CD /* Debug */,
				1DEB927608733DD40010E9CD /* Release */,
			);
			defaultConfigurationIsVisible = 0;
			defaultConfigurationName = Release;
		};
		1DEB927808733DD40010E9CD /* Build configuration list for PBXProject "Damerau-Levenshtein" */ = {
			isa = XCConfigurationList;
			buildConfigurations = (
				1DEB927908733DD40010E9CD /* Debug */,
				1DEB927A08733DD40010E9CD /* Release */,
			);
			defaultConfigurationIsVisible = 0;
			defaultConfigurationName = Release;
		};
		3D3E639A12D1011A00B94EC9 /* Build configuration list for PBXNativeTarget "DamerauLevenshteinTest" */ = {
			isa = XCConfigurationList;
			buildConfigurations = (
				3D3E639812D1011A00B94EC9 /* Debug */,
				3D3E639912D1011A00B94EC9 /* Release */,
			);
			defaultConfigurationIsVisible = 0;
			defaultConfigurationName = Release;
		};
		3D6A1A2212E28321009E3F9B /* Build configuration list for PBXNativeTarget "LevenshteinDistanceSearch" */ = {
			isa = XCConfigurationList;
			buildConfigurations = (
				3D6A1A1D12E282E1009E3F9B /* Debug */,
				3D6A1A1E12E282E1009E3F9B /* Release */,
			);
			defaultConfigurationIsVisible = 0;
			defaultConfigurationName = Release;
		};
/* End XCConfigurationList section */
	};
	rootObject = 08FB7793FE84155DC02AAC07 /* Project object */;
}
